
Microsoft Visual Studio Solution File, Format Version 12.00
# Visual Studio 15
VisualStudioVersion = 15.0.26124.0
MinimumVisualStudioVersion = 15.0.26124.0
Project("{2150E333-8FDC-42A3-9474-1A3956D46DE8}") = "src", "src", "{B5B26DE3-212B-4599-9DD5-DAF6884E80AC}"
EndProject
Project("{FAE04EC0-301F-11D3-BF4B-00C04F79EFBC}") = "IdentityServer", "src\IdentityServer\IdentityServer.csproj", "{2BE4E552-2047-43FC-AECA-0208743B480F}"
EndProject
Project("{FAE04EC0-301F-11D3-BF4B-00C04F79EFBC}") = "Api", "src\Api\Api.csproj", "{46B17FE4-7192-4CD2-A963-3621B4BE7049}"
EndProject
Project("{FAE04EC0-301F-11D3-BF4B-00C04F79EFBC}") = "Client", "src\Client\Client.csproj", "{1BF9733A-6EFA-422C-8774-FA1A025793E8}"
EndProject
Global
	GlobalSection(SolutionConfigurationPlatforms) = preSolution
		Debug|Any CPU = Debug|Any CPU
		Debug|x64 = Debug|x64
		Debug|x86 = Debug|x86
		Release|Any CPU = Release|Any CPU
		Release|x64 = Release|x64
		Release|x86 = Release|x86
	EndGlobalSection
	GlobalSection(SolutionProperties) = preSolution
		HideSolutionNode = FALSE
	EndGlobalSection
	GlobalSection(ProjectConfigurationPlatforms) = postSolution
		{2BE4E552-2047-43FC-AECA-0208743B480F}.Debug|Any CPU.ActiveCfg = Debug|Any CPU
		{2BE4E552-2047-43FC-AECA-0208743B480F}.Debug|Any CPU.Build.0 = Debug|Any CPU
		{2BE4E552-2047-43FC-AECA-0208743B480F}.Debug|x64.ActiveCfg = Debug|Any CPU
		{2BE4E552-2047-43FC-AECA-0208743B480F}.Debug|x64.Build.0 = Debug|Any CPU
		{2BE4E552-2047-43FC-AECA-0208743B480F}.Debug|x86.ActiveCfg = Debug|Any CPU
		{2BE4E552-2047-43FC-AECA-0208743B480F}.Debug|x86.Build.0 = Debug|Any CPU
		{2BE4E552-2047-43FC-AECA-0208743B480F}.Release|Any CPU.ActiveCfg = Release|Any CPU
		{2BE4E552-2047-43FC-AECA-0208743B480F}.Release|Any CPU.Build.0 = Release|Any CPU
		{2BE4E552-2047-43FC-AECA-0208743B480F}.Release|x64.ActiveCfg = Release|Any CPU
		{2BE4E552-2047-43FC-AECA-0208743B480F}.Release|x64.Build.0 = Release|Any CPU
		{2BE4E552-2047-43FC-AECA-0208743B480F}.Release|x86.ActiveCfg = Release|Any CPU
		{2BE4E552-2047-43FC-AECA-0208743B480F}.Release|x86.Build.0 = Release|Any CPU
		{46B17FE4-7192-4CD2-A963-3621B4BE7049}.Debug|Any CPU.ActiveCfg = Debug|Any CPU
		{46B17FE4-7192-4CD2-A963-3621B4BE7049}.Debug|Any CPU.Build.0 = Debug|Any CPU
		{46B17FE4-7192-4CD2-A963-3621B4BE7049}.Debug|x64.ActiveCfg = Debug|Any CPU
		{46B17FE4-7192-4CD2-A963-3621B4BE7049}.Debug|x64.Build.0 = Debug|Any CPU
		{46B17FE4-7192-4CD2-A963-3621B4BE7049}.Debug|x86.ActiveCfg = Debug|Any CPU
		{46B17FE4-7192-4CD2-A963-3621B4BE7049}.Debug|x86.Build.0 = Debug|Any CPU
		{46B17FE4-7192-4CD2-A963-3621B4BE7049}.Release|Any CPU.ActiveCfg = Release|Any CPU
		{46B17FE4-7192-4CD2-A963-3621B4BE7049}.Release|Any CPU.Build.0 = Release|Any CPU
		{46B17FE4-7192-4CD2-A963-3621B4BE7049}.Release|x64.ActiveCfg = Release|Any CPU
		{46B17FE4-7192-4CD2-A963-3621B4BE7049}.Release|x64.Build.0 = Release|Any CPU
		{46B17FE4-7192-4CD2-A963-3621B4BE7049}.Release|x86.ActiveCfg = Release|Any CPU
		{46B17FE4-7192-4CD2-A963-3621B4BE7049}.Release|x86.Build.0 = Release|Any CPU
		{1BF9733A-6EFA-422C-8774-FA1A025793E8}.Debug|Any CPU.ActiveCfg = Debug|Any CPU
		{1BF9733A-6EFA-422C-8774-FA1A025793E8}.Debug|Any CPU.Build.0 = Debug|Any CPU
		{1BF9733A-6EFA-422C-8774-FA1A025793E8}.Debug|x64.ActiveCfg = Debug|Any CPU
		{1BF9733A-6EFA-422C-8774-FA1A025793E8}.Debug|x64.Build.0 = Debug|Any CPU
		{1BF9733A-6EFA-422C-8774-FA1A025793E8}.Debug|x86.ActiveCfg = Debug|Any CPU
		{1BF9733A-6EFA-422C-8774-FA1A025793E8}.Debug|x86.Build.0 = Debug|Any CPU
		{1BF9733A-6EFA-422C-8774-FA1A025793E8}.Release|Any CPU.ActiveCfg = Release|Any CPU
		{1BF9733A-6EFA-422C-8774-FA1A025793E8}.Release|Any CPU.Build.0 = Release|Any CPU
		{1BF9733A-6EFA-422C-8774-FA1A025793E8}.Release|x64.ActiveCfg = Release|Any CPU
		{1BF9733A-6EFA-422C-8774-FA1A025793E8}.Release|x64.Build.0 = Release|Any CPU
		{1BF9733A-6EFA-422C-8774-FA1A025793E8}.Release|x86.ActiveCfg = Release|Any CPU
		{1BF9733A-6EFA-422C-8774-FA1A025793E8}.Release|x86.Build.0 = Release|Any CPU
	EndGlobalSection
	GlobalSection(NestedProjects) = preSolution
		{2BE4E552-2047-43FC-AECA-0208743B480F} = {B5B26DE3-212B-4599-9DD5-DAF6884E80AC}
		{46B17FE4-7192-4CD2-A963-3621B4BE7049} = {B5B26DE3-212B-4599-9DD5-DAF6884E80AC}
		{1BF9733A-6EFA-422C-8774-FA1A025793E8} = {B5B26DE3-212B-4599-9DD5-DAF6884E80AC}
	EndGlobalSection
EndGlobal
